
Microsoft Visual Studio Solution File, Format Version 12.00
# Visual Studio Version 17
VisualStudioVersion = 17.8.34330.188
MinimumVisualStudioVersion = 10.0.40219.1
Project("{8BC9CEB8-8B4A-11D0-8D11-00A0C91BC942}") = "day_4.9", "day_4.9\day_4.9.vcxproj", "{A05105DA-3695-4483-9120-77C5D0B3ABC5}"
EndProject
Global
	GlobalSection(SolutionConfigurationPlatforms) = preSolution
		Debug|x64 = Debug|x64
		Debug|x86 = Debug|x86
		Release|x64 = Release|x64
		Release|x86 = Release|x86
	EndGlobalSection
	GlobalSection(ProjectConfigurationPlatforms) = postSolution
		{A05105DA-3695-4483-9120-77C5D0B3ABC5}.Debug|x64.ActiveCfg = Debug|x64
		{A05105DA-3695-4483-9120-77C5D0B3ABC5}.Debug|x64.Build.0 = Debug|x64
		{A05105DA-3695-4483-9120-77C5D0B3ABC5}.Debug|x86.ActiveCfg = Debug|Win32
		{A05105DA-3695-4483-9120-77C5D0B3ABC5}.Debug|x86.Build.0 = Debug|Win32
		{A05105DA-3695-4483-9120-77C5D0B3ABC5}.Release|x64.ActiveCfg = Release|x64
		{A05105DA-3695-4483-9120-77C5D0B3ABC5}.Release|x64.Build.0 = Release|x64
		{A05105DA-3695-4483-9120-77C5D0B3ABC5}.Release|x86.ActiveCfg = Release|Win32
		{A05105DA-3695-4483-9120-77C5D0B3ABC5}.Release|x86.Build.0 = Release|Win32
	EndGlobalSection
	GlobalSection(SolutionProperties) = preSolution
		HideSolutionNode = FALSE
	EndGlobalSection
	GlobalSection(ExtensibilityGlobals) = postSolution
		SolutionGuid = {A911535B-8653-489D-A4A9-B70F8197C263}
	EndGlobalSection
EndGlobal
